{
	"name": "umob",
	"version": "0.0.3",
	"lockfileVersion": 2,
	"requires": true,
	"packages": {
		"": {
			"name": "umob",
			"version": "0.0.3",
			"license": "MIT",
			"devDependencies": {
				"@rollup/plugin-commonjs": "^25.0.0",
				"@rollup/plugin-node-resolve": "^15.1.0",
				"@rollup/plugin-typescript": "^11.1.1",
				"rollup": "^3.21.8",
				"rollup-plugin-terser": "^7.0.2",
				"typescript": "^4.9.4"
			}
		},
		"node_modules/@babel/code-frame": {
			"version": "7.21.4",
			"dev": true,
			"license": "MIT",
			"dependencies": {
				"@babel/highlight": "^7.18.6"
			},
			"engines": {
				"node": ">=6.9.0"
			}
		},
		"node_modules/@babel/helper-validator-identifier": {
			"version": "7.19.1",
			"dev": true,
			"license": "MIT",
			"engines": {
				"node": ">=6.9.0"
			}
		},
		"node_modules/@babel/highlight": {
			"version": "7.18.6",
			"dev": true,
			"license": "MIT",
			"dependencies": {
				"@babel/helper-validator-identifier": "^7.18.6",
				"chalk": "^2.0.0",
				"js-tokens": "^4.0.0"
			},
			"engines": {
				"node": ">=6.9.0"
			}
		},
		"node_modules/@babel/highlight/node_modules/chalk": {
			"version": "2.4.2",
			"dev": true,
			"license": "MIT",
			"dependencies": {
				"ansi-styles": "^3.2.1",
				"escape-string-regexp": "^1.0.5",
				"supports-color": "^5.3.0"
			},
			"engines": {
				"node": ">=4"
			}
		},
		"node_modules/@jridgewell/gen-mapping": {
			"version": "0.3.3",
			"dev": true,
			"license": "MIT",
			"dependencies": {
				"@jridgewell/set-array": "^1.0.1",
				"@jridgewell/sourcemap-codec": "^1.4.10",
				"@jridgewell/trace-mapping": "^0.3.9"
			},
			"engines": {
				"node": ">=6.0.0"
			}
		},
		"node_modules/@jridgewell/gen-mapping/node_modules/@jridgewell/sourcemap-codec": {
			"version": "1.4.15",
			"dev": true,
			"license": "MIT"
		},
		"node_modules/@jridgewell/resolve-uri": {
			"version": "3.1.0",
			"dev": true,
			"license": "MIT",
			"engines": {
				"node": ">=6.0.0"
			}
		},
		"node_modules/@jridgewell/set-array": {
			"version": "1.1.2",
			"dev": true,
			"license": "MIT",
			"engines": {
				"node": ">=6.0.0"
			}
		},
		"node_modules/@jridgewell/source-map": {
			"version": "0.3.3",
			"dev": true,
			"license": "MIT",
			"dependencies": {
				"@jridgewell/gen-mapping": "^0.3.0",
				"@jridgewell/trace-mapping": "^0.3.9"
			}
		},
		"node_modules/@jridgewell/sourcemap-codec": {
			"version": "1.4.14",
			"dev": true,
			"license": "MIT"
		},
		"node_modules/@jridgewell/trace-mapping": {
			"version": "0.3.18",
			"dev": true,
			"license": "MIT",
			"dependencies": {
				"@jridgewell/resolve-uri": "3.1.0",
				"@jridgewell/sourcemap-codec": "1.4.14"
			}
		},
		"node_modules/@rollup/plugin-commonjs": {
			"version": "25.0.0",
			"resolved": "https://registry.npmmirror.com/@rollup/plugin-commonjs/-/plugin-commonjs-25.0.0.tgz",
			"integrity": "sha512-hoho2Kay9TZrLu0bnDsTTCaj4Npa+THk9snajP/XDNb9a9mmjTjh52EQM9sKl3HD1LsnihX7js+eA2sd2uKAhw==",
			"dev": true,
			"dependencies": {
				"@rollup/pluginutils": "^5.0.1",
				"commondir": "^1.0.1",
				"estree-walker": "^2.0.2",
				"glob": "^8.0.3",
				"is-reference": "1.2.1",
				"magic-string": "^0.27.0"
			},
			"engines": {
				"node": ">=14.0.0"
			},
			"peerDependencies": {
				"rollup": "^2.68.0||^3.0.0"
			},
			"peerDependenciesMeta": {
				"rollup": {
					"optional": true
				}
			}
		},
		"node_modules/@rollup/plugin-commonjs/node_modules/brace-expansion": {
			"version": "2.0.1",
			"resolved": "https://registry.npmmirror.com/brace-expansion/-/brace-expansion-2.0.1.tgz",
			"integrity": "sha512-XnAIvQ8eM+kC6aULx6wuQiwVsnzsi9d3WxzV3FpWTGA19F621kwdbsAcFKXgKUHZWsy+mY6iL1sHTxWEFCytDA==",
			"dev": true,
			"dependencies": {
				"balanced-match": "^1.0.0"
			}
		},
		"node_modules/@rollup/plugin-commonjs/node_modules/glob": {
			"version": "8.1.0",
			"resolved": "https://registry.npmmirror.com/glob/-/glob-8.1.0.tgz",
			"integrity": "sha512-r8hpEjiQEYlF2QU0df3dS+nxxSIreXQS1qRhMJM0Q5NDdR386C7jb7Hwwod8Fgiuex+k0GFjgft18yvxm5XoCQ==",
			"dev": true,
			"dependencies": {
				"fs.realpath": "^1.0.0",
				"inflight": "^1.0.4",
				"inherits": "2",
				"minimatch": "^5.0.1",
				"once": "^1.3.0"
			},
			"engines": {
				"node": ">=12"
			}
		},
		"node_modules/@rollup/plugin-commonjs/node_modules/minimatch": {
			"version": "5.1.6",
			"resolved": "https://registry.npmmirror.com/minimatch/-/minimatch-5.1.6.tgz",
			"integrity": "sha512-lKwV/1brpG6mBUFHtb7NUmtABCb2WZZmm2wNiOA5hAb8VdCS4B3dtMWyvcoViccwAW/COERjXLt0zP1zXUN26g==",
			"dev": true,
			"dependencies": {
				"brace-expansion": "^2.0.1"
			},
			"engines": {
				"node": ">=10"
			}
		},
		"node_modules/@rollup/plugin-node-resolve": {
			"version": "15.1.0",
			"resolved": "https://registry.npmmirror.com/@rollup/plugin-node-resolve/-/plugin-node-resolve-15.1.0.tgz",
			"integrity": "sha512-xeZHCgsiZ9pzYVgAo9580eCGqwh/XCEUM9q6iQfGNocjgkufHAqC3exA+45URvhiYV8sBF9RlBai650eNs7AsA==",
			"dev": true,
			"dependencies": {
				"@rollup/pluginutils": "^5.0.1",
				"@types/resolve": "1.20.2",
				"deepmerge": "^4.2.2",
				"is-builtin-module": "^3.2.1",
				"is-module": "^1.0.0",
				"resolve": "^1.22.1"
			},
			"engines": {
				"node": ">=14.0.0"
			},
			"peerDependencies": {
				"rollup": "^2.78.0||^3.0.0"
			},
			"peerDependenciesMeta": {
				"rollup": {
					"optional": true
				}
			}
		},
		"node_modules/@rollup/plugin-typescript": {
			"version": "11.1.1",
			"resolved": "https://registry.npmmirror.com/@rollup/plugin-typescript/-/plugin-typescript-11.1.1.tgz",
			"integrity": "sha512-Ioir+x5Bejv72Lx2Zbz3/qGg7tvGbxQZALCLoJaGrkNXak/19+vKgKYJYM3i/fJxvsb23I9FuFQ8CUBEfsmBRg==",
			"dev": true,
			"dependencies": {
				"@rollup/pluginutils": "^5.0.1",
				"resolve": "^1.22.1"
			},
			"engines": {
				"node": ">=14.0.0"
			},
			"peerDependencies": {
				"rollup": "^2.14.0||^3.0.0",
				"tslib": "*",
				"typescript": ">=3.7.0"
			},
			"peerDependenciesMeta": {
				"rollup": {
					"optional": true
				},
				"tslib": {
					"optional": true
				}
			}
		},
		"node_modules/@rollup/pluginutils": {
			"version": "5.0.2",
			"resolved": "https://registry.npmmirror.com/@rollup/pluginutils/-/pluginutils-5.0.2.tgz",
			"integrity": "sha512-pTd9rIsP92h+B6wWwFbW8RkZv4hiR/xKsqre4SIuAOaOEQRxi0lqLke9k2/7WegC85GgUs9pjmOjCUi3In4vwA==",
			"dev": true,
			"dependencies": {
				"@types/estree": "^1.0.0",
				"estree-walker": "^2.0.2",
				"picomatch": "^2.3.1"
			},
			"engines": {
				"node": ">=14.0.0"
			},
			"peerDependencies": {
				"rollup": "^1.20.0||^2.0.0||^3.0.0"
			},
			"peerDependenciesMeta": {
				"rollup": {
					"optional": true
				}
			}
		},
		"node_modules/@types/estree": {
			"version": "1.0.1",
			"dev": true,
			"license": "MIT"
		},
		"node_modules/@types/node": {
			"version": "20.1.7",
			"dev": true,
			"license": "MIT"
		},
		"node_modules/@types/resolve": {
			"version": "1.20.2",
			"resolved": "https://registry.npmmirror.com/@types/resolve/-/resolve-1.20.2.tgz",
			"integrity": "sha512-60BCwRFOZCQhDncwQdxxeOEEkbc5dIMccYLwbxsS4TUNeVECQ/pBJ0j09mrHOl/JJvpRPGwO9SvE4nR2Nb/a4Q==",
			"dev": true
		},
		"node_modules/acorn": {
			"version": "8.8.2",
			"dev": true,
			"license": "MIT",
			"bin": {
				"acorn": "bin/acorn"
			},
			"engines": {
				"node": ">=0.4.0"
			}
		},
		"node_modules/ansi-styles": {
			"version": "3.2.1",
			"dev": true,
			"license": "MIT",
			"dependencies": {
				"color-convert": "^1.9.0"
			},
			"engines": {
				"node": ">=4"
			}
		},
		"node_modules/balanced-match": {
			"version": "1.0.2",
			"dev": true,
			"license": "MIT"
		},
		"node_modules/buffer-from": {
			"version": "1.1.2",
			"dev": true,
			"license": "MIT"
		},
		"node_modules/builtin-modules": {
			"version": "3.3.0",
			"resolved": "https://registry.npmmirror.com/builtin-modules/-/builtin-modules-3.3.0.tgz",
			"integrity": "sha512-zhaCDicdLuWN5UbN5IMnFqNMhNfo919sH85y2/ea+5Yg9TsTkeZxpL+JLbp6cgYFS4sRLp3YV4S6yDuqVWHYOw==",
			"dev": true,
			"engines": {
				"node": ">=6"
			}
		},
		"node_modules/color-convert": {
			"version": "1.9.3",
			"dev": true,
			"license": "MIT",
			"dependencies": {
				"color-name": "1.1.3"
			}
		},
		"node_modules/color-name": {
			"version": "1.1.3",
			"dev": true,
			"license": "MIT"
		},
		"node_modules/commander": {
			"version": "2.20.3",
			"dev": true,
			"license": "MIT"
		},
		"node_modules/commondir": {
			"version": "1.0.1",
			"dev": true,
			"license": "MIT"
		},
		"node_modules/deepmerge": {
			"version": "4.3.1",
			"resolved": "https://registry.npmmirror.com/deepmerge/-/deepmerge-4.3.1.tgz",
			"integrity": "sha512-3sUqbMEc77XqpdNO7FRyRog+eW3ph+GYCbj+rK+uYyRMuwsVy0rMiVtPn+QJlKFvWP/1PYpapqYn0Me2knFn+A==",
			"dev": true,
			"engines": {
				"node": ">=0.10.0"
			}
		},
		"node_modules/escape-string-regexp": {
			"version": "1.0.5",
			"dev": true,
			"license": "MIT",
			"engines": {
				"node": ">=0.8.0"
			}
		},
		"node_modules/estree-walker": {
			"version": "2.0.2",
			"resolved": "https://registry.npmmirror.com/estree-walker/-/estree-walker-2.0.2.tgz",
			"integrity": "sha512-Rfkk/Mp/DL7JVje3u18FxFujQlTNR2q6QfMSMB7AvCBx91NGj/ba3kCfza0f6dVDbw7YlRf/nDrn7pQrCCyQ/w==",
			"dev": true
		},
		"node_modules/fs.realpath": {
			"version": "1.0.0",
			"dev": true,
			"license": "ISC"
		},
		"node_modules/fsevents": {
			"version": "2.3.2",
			"resolved": "https://registry.npmmirror.com/fsevents/-/fsevents-2.3.2.tgz",
			"integrity": "sha512-xiqMQR4xAeHTuB9uWm+fFRcIOgKBMiOBP+eXiyT7jsgVCq1bkVygt00oASowB7EdtpOHaaPgKt812P9ab+DDKA==",
			"dev": true,
			"hasInstallScript": true,
			"optional": true,
			"os": [
				"darwin"
			],
			"engines": {
				"node": "^8.16.0 || ^10.6.0 || >=11.0.0"
			}
		},
		"node_modules/function-bind": {
			"version": "1.1.1",
			"dev": true,
			"license": "MIT"
		},
		"node_modules/has": {
			"version": "1.0.3",
			"dev": true,
			"license": "MIT",
			"dependencies": {
				"function-bind": "^1.1.1"
			},
			"engines": {
				"node": ">= 0.4.0"
			}
		},
		"node_modules/has-flag": {
			"version": "3.0.0",
			"dev": true,
			"license": "MIT",
			"engines": {
				"node": ">=4"
			}
		},
		"node_modules/inflight": {
			"version": "1.0.6",
			"dev": true,
			"license": "ISC",
			"dependencies": {
				"once": "^1.3.0",
				"wrappy": "1"
			}
		},
		"node_modules/inherits": {
			"version": "2.0.4",
			"dev": true,
			"license": "ISC"
		},
		"node_modules/is-builtin-module": {
			"version": "3.2.1",
			"resolved": "https://registry.npmmirror.com/is-builtin-module/-/is-builtin-module-3.2.1.tgz",
			"integrity": "sha512-BSLE3HnV2syZ0FK0iMA/yUGplUeMmNz4AW5fnTunbCIqZi4vG3WjJT9FHMy5D69xmAYBHXQhJdALdpwVxV501A==",
			"dev": true,
			"dependencies": {
				"builtin-modules": "^3.3.0"
			},
			"engines": {
				"node": ">=6"
			}
		},
		"node_modules/is-core-module": {
			"version": "2.12.0",
			"dev": true,
			"license": "MIT",
			"dependencies": {
				"has": "^1.0.3"
			},
			"funding": {
				"url": "https://github.com/sponsors/ljharb"
			}
		},
		"node_modules/is-module": {
			"version": "1.0.0",
			"resolved": "https://registry.npmmirror.com/is-module/-/is-module-1.0.0.tgz",
			"integrity": "sha512-51ypPSPCoTEIN9dy5Oy+h4pShgJmPCygKfyRCISBI+JoWT/2oJvK8QPxmwv7b/p239jXrm9M1mlQbyKJ5A152g==",
			"dev": true
		},
		"node_modules/is-reference": {
			"version": "1.2.1",
			"resolved": "https://registry.npmmirror.com/is-reference/-/is-reference-1.2.1.tgz",
			"integrity": "sha512-U82MsXXiFIrjCK4otLT+o2NA2Cd2g5MLoOVXUZjIOhLurrRxpEXzI8O0KZHr3IjLvlAH1kTPYSuqer5T9ZVBKQ==",
			"dev": true,
			"dependencies": {
				"@types/estree": "*"
			}
		},
		"node_modules/js-tokens": {
			"version": "4.0.0",
			"dev": true,
			"license": "MIT"
		},
		"node_modules/magic-string": {
			"version": "0.27.0",
			"resolved": "https://registry.npmmirror.com/magic-string/-/magic-string-0.27.0.tgz",
			"integrity": "sha512-8UnnX2PeRAPZuN12svgR9j7M1uWMovg/CEnIwIG0LFkXSJJe4PdfUGiTGl8V9bsBHFUtfVINcSyYxd7q+kx9fA==",
			"dev": true,
			"dependencies": {
				"@jridgewell/sourcemap-codec": "^1.4.13"
			},
			"engines": {
				"node": ">=12"
			}
		},
		"node_modules/merge-stream": {
			"version": "2.0.0",
			"dev": true,
			"license": "MIT"
		},
		"node_modules/once": {
			"version": "1.4.0",
			"dev": true,
			"license": "ISC",
			"dependencies": {
				"wrappy": "1"
			}
		},
		"node_modules/path-parse": {
			"version": "1.0.7",
			"dev": true,
			"license": "MIT"
		},
		"node_modules/picomatch": {
			"version": "2.3.1",
			"resolved": "https://registry.npmmirror.com/picomatch/-/picomatch-2.3.1.tgz",
			"integrity": "sha512-JU3teHTNjmE2VCGFzuY8EXzCDVwEqB2a8fsIvwaStHhAWJEeVd1o1QD80CU6+ZdEXXSLbSsuLwJjkCBWqRQUVA==",
			"dev": true,
			"engines": {
				"node": ">=8.6"
			}
		},
		"node_modules/randombytes": {
			"version": "2.1.0",
			"dev": true,
			"license": "MIT",
			"dependencies": {
				"safe-buffer": "^5.1.0"
			}
		},
		"node_modules/resolve": {
			"version": "1.22.2",
			"dev": true,
			"license": "MIT",
			"dependencies": {
				"is-core-module": "^2.11.0",
				"path-parse": "^1.0.7",
				"supports-preserve-symlinks-flag": "^1.0.0"
			},
			"bin": {
				"resolve": "bin/resolve"
			},
			"funding": {
				"url": "https://github.com/sponsors/ljharb"
			}
		},
		"node_modules/rollup": {
			"version": "3.23.0",
			"resolved": "https://registry.npmmirror.com/rollup/-/rollup-3.23.0.tgz",
			"integrity": "sha512-h31UlwEi7FHihLe1zbk+3Q7z1k/84rb9BSwmBSr/XjOCEaBJ2YyedQDuM0t/kfOS0IxM+vk1/zI9XxYj9V+NJQ==",
			"dev": true,
			"bin": {
				"rollup": "dist/bin/rollup"
			},
			"engines": {
				"node": ">=14.18.0",
				"npm": ">=8.0.0"
			},
			"optionalDependencies": {
				"fsevents": "~2.3.2"
			}
		},
		"node_modules/rollup-plugin-terser": {
			"version": "7.0.2",
			"resolved": "https://registry.npmmirror.com/rollup-plugin-terser/-/rollup-plugin-terser-7.0.2.tgz",
			"integrity": "sha512-w3iIaU4OxcF52UUXiZNsNeuXIMDvFrr+ZXK6bFZ0Q60qyVfq4uLptoS4bbq3paG3x216eQllFZX7zt6TIImguQ==",
			"deprecated": "This package has been deprecated and is no longer maintained. Please use @rollup/plugin-terser",
			"dev": true,
			"dependencies": {
				"@babel/code-frame": "^7.10.4",
				"jest-worker": "^26.2.1",
				"serialize-javascript": "^4.0.0",
				"terser": "^5.0.0"
			},
			"peerDependencies": {
				"rollup": "^2.0.0"
			}
		},
		"node_modules/rollup-plugin-terser/node_modules/has-flag": {
			"version": "4.0.0",
			"resolved": "https://registry.npmmirror.com/has-flag/-/has-flag-4.0.0.tgz",
			"integrity": "sha512-EykJT/Q1KjTWctppgIAgfSO0tKVuZUjhgMr17kqTumMl6Afv3EISleU7qZUzoXDFTAHTDC4NOoG/ZxU3EvlMPQ==",
			"dev": true,
			"engines": {
				"node": ">=8"
			}
		},
		"node_modules/rollup-plugin-terser/node_modules/jest-worker": {
			"version": "26.6.2",
			"resolved": "https://registry.npmmirror.com/jest-worker/-/jest-worker-26.6.2.tgz",
			"integrity": "sha512-KWYVV1c4i+jbMpaBC+U++4Va0cp8OisU185o73T1vo99hqi7w8tSJfUXYswwqqrjzwxa6KpRK54WhPvwf5w6PQ==",
			"dev": true,
			"dependencies": {
				"@types/node": "*",
				"merge-stream": "^2.0.0",
				"supports-color": "^7.0.0"
			},
			"engines": {
				"node": ">= 10.13.0"
			}
		},
		"node_modules/rollup-plugin-terser/node_modules/serialize-javascript": {
			"version": "4.0.0",
			"resolved": "https://registry.npmmirror.com/serialize-javascript/-/serialize-javascript-4.0.0.tgz",
			"integrity": "sha512-GaNA54380uFefWghODBWEGisLZFj00nS5ACs6yHa9nLqlLpVLO8ChDGeKRjZnV4Nh4n0Qi7nhYZD/9fCPzEqkw==",
			"dev": true,
			"dependencies": {
				"randombytes": "^2.1.0"
			}
		},
		"node_modules/rollup-plugin-terser/node_modules/supports-color": {
			"version": "7.2.0",
			"resolved": "https://registry.npmmirror.com/supports-color/-/supports-color-7.2.0.tgz",
			"integrity": "sha512-qpCAvRl9stuOHveKsn7HncJRvv501qIacKzQlO/+Lwxc9+0q2wLyv4Dfvt80/DPn2pqOBsJdDiogXGR9+OvwRw==",
			"dev": true,
			"dependencies": {
				"has-flag": "^4.0.0"
			},
			"engines": {
				"node": ">=8"
			}
		},
		"node_modules/safe-buffer": {
			"version": "5.2.1",
			"dev": true,
			"funding": [
				{
					"type": "github",
					"url": "https://github.com/sponsors/feross"
				},
				{
					"type": "patreon",
					"url": "https://www.patreon.com/feross"
				},
				{
					"type": "consulting",
					"url": "https://feross.org/support"
				}
			],
			"license": "MIT"
		},
		"node_modules/source-map": {
			"version": "0.6.1",
			"dev": true,
			"license": "BSD-3-Clause",
			"engines": {
				"node": ">=0.10.0"
			}
		},
		"node_modules/source-map-support": {
			"version": "0.5.21",
			"dev": true,
			"license": "MIT",
			"dependencies": {
				"buffer-from": "^1.0.0",
				"source-map": "^0.6.0"
			}
		},
		"node_modules/supports-color": {
			"version": "5.5.0",
			"dev": true,
			"license": "MIT",
			"dependencies": {
				"has-flag": "^3.0.0"
			},
			"engines": {
				"node": ">=4"
			}
		},
		"node_modules/supports-preserve-symlinks-flag": {
			"version": "1.0.0",
			"dev": true,
			"license": "MIT",
			"engines": {
				"node": ">= 0.4"
			},
			"funding": {
				"url": "https://github.com/sponsors/ljharb"
			}
		},
		"node_modules/terser": {
			"version": "5.17.4",
			"dev": true,
			"license": "BSD-2-Clause",
			"dependencies": {
				"@jridgewell/source-map": "^0.3.2",
				"acorn": "^8.5.0",
				"commander": "^2.20.0",
				"source-map-support": "~0.5.20"
			},
			"bin": {
				"terser": "bin/terser"
			},
			"engines": {
				"node": ">=10"
			}
		},
		"node_modules/typescript": {
			"version": "4.9.5",
			"resolved": "https://registry.npmmirror.com/typescript/-/typescript-4.9.5.tgz",
			"integrity": "sha512-1FXk9E2Hm+QzZQ7z+McJiHL4NW1F2EzMu9Nq9i3zAaGqibafqYwCVU6WyWAuyQRRzOlxou8xZSyXLEN8oKj24g==",
			"dev": true,
			"bin": {
				"tsc": "bin/tsc",
				"tsserver": "bin/tsserver"
			},
			"engines": {
				"node": ">=4.2.0"
			}
		},
		"node_modules/wrappy": {
			"version": "1.0.2",
			"dev": true,
			"license": "ISC"
		}
	},
	"dependencies": {
		"@babel/code-frame": {
			"version": "7.21.4",
			"dev": true,
			"requires": {
				"@babel/highlight": "^7.18.6"
			}
		},
		"@babel/helper-validator-identifier": {
			"version": "7.19.1",
			"dev": true
		},
		"@babel/highlight": {
			"version": "7.18.6",
			"dev": true,
			"requires": {
				"@babel/helper-validator-identifier": "^7.18.6",
				"chalk": "^2.0.0",
				"js-tokens": "^4.0.0"
			},
			"dependencies": {
				"chalk": {
					"version": "2.4.2",
					"dev": true,
					"requires": {
						"ansi-styles": "^3.2.1",
						"escape-string-regexp": "^1.0.5",
						"supports-color": "^5.3.0"
					}
				}
			}
		},
		"@jridgewell/gen-mapping": {
			"version": "0.3.3",
			"dev": true,
			"requires": {
				"@jridgewell/set-array": "^1.0.1",
				"@jridgewell/sourcemap-codec": "^1.4.10",
				"@jridgewell/trace-mapping": "^0.3.9"
			},
			"dependencies": {
				"@jridgewell/sourcemap-codec": {
					"version": "1.4.15",
					"dev": true
				}
			}
		},
		"@jridgewell/resolve-uri": {
			"version": "3.1.0",
			"dev": true
		},
		"@jridgewell/set-array": {
			"version": "1.1.2",
			"dev": true
		},
		"@jridgewell/source-map": {
			"version": "0.3.3",
			"dev": true,
			"requires": {
				"@jridgewell/gen-mapping": "^0.3.0",
				"@jridgewell/trace-mapping": "^0.3.9"
			}
		},
		"@jridgewell/sourcemap-codec": {
			"version": "1.4.14",
			"dev": true
		},
		"@jridgewell/trace-mapping": {
			"version": "0.3.18",
			"dev": true,
			"requires": {
				"@jridgewell/resolve-uri": "3.1.0",
				"@jridgewell/sourcemap-codec": "1.4.14"
			}
		},
		"@rollup/plugin-commonjs": {
			"version": "25.0.0",
			"resolved": "https://registry.npmmirror.com/@rollup/plugin-commonjs/-/plugin-commonjs-25.0.0.tgz",
			"integrity": "sha512-hoho2Kay9TZrLu0bnDsTTCaj4Npa+THk9snajP/XDNb9a9mmjTjh52EQM9sKl3HD1LsnihX7js+eA2sd2uKAhw==",
			"dev": true,
			"requires": {
				"@rollup/pluginutils": "^5.0.1",
				"commondir": "^1.0.1",
				"estree-walker": "^2.0.2",
				"glob": "^8.0.3",
				"is-reference": "1.2.1",
				"magic-string": "^0.27.0"
			},
			"dependencies": {
				"brace-expansion": {
					"version": "2.0.1",
					"resolved": "https://registry.npmmirror.com/brace-expansion/-/brace-expansion-2.0.1.tgz",
					"integrity": "sha512-XnAIvQ8eM+kC6aULx6wuQiwVsnzsi9d3WxzV3FpWTGA19F621kwdbsAcFKXgKUHZWsy+mY6iL1sHTxWEFCytDA==",
					"dev": true,
					"requires": {
						"balanced-match": "^1.0.0"
					}
				},
				"glob": {
					"version": "8.1.0",
					"resolved": "https://registry.npmmirror.com/glob/-/glob-8.1.0.tgz",
					"integrity": "sha512-r8hpEjiQEYlF2QU0df3dS+nxxSIreXQS1qRhMJM0Q5NDdR386C7jb7Hwwod8Fgiuex+k0GFjgft18yvxm5XoCQ==",
					"dev": true,
					"requires": {
						"fs.realpath": "^1.0.0",
						"inflight": "^1.0.4",
						"inherits": "2",
						"minimatch": "^5.0.1",
						"once": "^1.3.0"
					}
				},
				"minimatch": {
					"version": "5.1.6",
					"resolved": "https://registry.npmmirror.com/minimatch/-/minimatch-5.1.6.tgz",
					"integrity": "sha512-lKwV/1brpG6mBUFHtb7NUmtABCb2WZZmm2wNiOA5hAb8VdCS4B3dtMWyvcoViccwAW/COERjXLt0zP1zXUN26g==",
					"dev": true,
					"requires": {
						"brace-expansion": "^2.0.1"
					}
				}
			}
		},
		"@rollup/plugin-node-resolve": {
			"version": "15.1.0",
			"resolved": "https://registry.npmmirror.com/@rollup/plugin-node-resolve/-/plugin-node-resolve-15.1.0.tgz",
			"integrity": "sha512-xeZHCgsiZ9pzYVgAo9580eCGqwh/XCEUM9q6iQfGNocjgkufHAqC3exA+45URvhiYV8sBF9RlBai650eNs7AsA==",
			"dev": true,
			"requires": {
				"@rollup/pluginutils": "^5.0.1",
				"@types/resolve": "1.20.2",
				"deepmerge": "^4.2.2",
				"is-builtin-module": "^3.2.1",
				"is-module": "^1.0.0",
				"resolve": "^1.22.1"
			}
		},
		"@rollup/plugin-typescript": {
			"version": "11.1.1",
			"resolved": "https://registry.npmmirror.com/@rollup/plugin-typescript/-/plugin-typescript-11.1.1.tgz",
			"integrity": "sha512-Ioir+x5Bejv72Lx2Zbz3/qGg7tvGbxQZALCLoJaGrkNXak/19+vKgKYJYM3i/fJxvsb23I9FuFQ8CUBEfsmBRg==",
			"dev": true,
			"requires": {
				"@rollup/pluginutils": "^5.0.1",
				"resolve": "^1.22.1"
			}
		},
		"@rollup/pluginutils": {
			"version": "5.0.2",
			"resolved": "https://registry.npmmirror.com/@rollup/pluginutils/-/pluginutils-5.0.2.tgz",
			"integrity": "sha512-pTd9rIsP92h+B6wWwFbW8RkZv4hiR/xKsqre4SIuAOaOEQRxi0lqLke9k2/7WegC85GgUs9pjmOjCUi3In4vwA==",
			"dev": true,
			"requires": {
				"@types/estree": "^1.0.0",
				"estree-walker": "^2.0.2",
				"picomatch": "^2.3.1"
			}
		},
		"@types/estree": {
			"version": "1.0.1",
			"dev": true
		},
		"@types/node": {
			"version": "20.1.7",
			"dev": true
		},
		"@types/resolve": {
			"version": "1.20.2",
			"resolved": "https://registry.npmmirror.com/@types/resolve/-/resolve-1.20.2.tgz",
			"integrity": "sha512-60BCwRFOZCQhDncwQdxxeOEEkbc5dIMccYLwbxsS4TUNeVECQ/pBJ0j09mrHOl/JJvpRPGwO9SvE4nR2Nb/a4Q==",
			"dev": true
		},
		"acorn": {
			"version": "8.8.2",
			"dev": true
		},
		"ansi-styles": {
			"version": "3.2.1",
			"dev": true,
			"requires": {
				"color-convert": "^1.9.0"
			}
		},
		"balanced-match": {
			"version": "1.0.2",
			"dev": true
		},
		"buffer-from": {
			"version": "1.1.2",
			"dev": true
		},
		"builtin-modules": {
			"version": "3.3.0",
			"resolved": "https://registry.npmmirror.com/builtin-modules/-/builtin-modules-3.3.0.tgz",
			"integrity": "sha512-zhaCDicdLuWN5UbN5IMnFqNMhNfo919sH85y2/ea+5Yg9TsTkeZxpL+JLbp6cgYFS4sRLp3YV4S6yDuqVWHYOw==",
			"dev": true
		},
		"color-convert": {
			"version": "1.9.3",
			"dev": true,
			"requires": {
				"color-name": "1.1.3"
			}
		},
		"color-name": {
			"version": "1.1.3",
			"dev": true
		},
		"commander": {
			"version": "2.20.3",
			"dev": true
		},
		"commondir": {
			"version": "1.0.1",
			"dev": true
		},
		"deepmerge": {
			"version": "4.3.1",
			"resolved": "https://registry.npmmirror.com/deepmerge/-/deepmerge-4.3.1.tgz",
			"integrity": "sha512-3sUqbMEc77XqpdNO7FRyRog+eW3ph+GYCbj+rK+uYyRMuwsVy0rMiVtPn+QJlKFvWP/1PYpapqYn0Me2knFn+A==",
			"dev": true
		},
		"escape-string-regexp": {
			"version": "1.0.5",
			"dev": true
		},
		"estree-walker": {
			"version": "2.0.2",
			"resolved": "https://registry.npmmirror.com/estree-walker/-/estree-walker-2.0.2.tgz",
			"integrity": "sha512-Rfkk/Mp/DL7JVje3u18FxFujQlTNR2q6QfMSMB7AvCBx91NGj/ba3kCfza0f6dVDbw7YlRf/nDrn7pQrCCyQ/w==",
			"dev": true
		},
		"fs.realpath": {
			"version": "1.0.0",
			"dev": true
		},
		"fsevents": {
			"version": "2.3.2",
			"resolved": "https://registry.npmmirror.com/fsevents/-/fsevents-2.3.2.tgz",
			"integrity": "sha512-xiqMQR4xAeHTuB9uWm+fFRcIOgKBMiOBP+eXiyT7jsgVCq1bkVygt00oASowB7EdtpOHaaPgKt812P9ab+DDKA==",
			"dev": true,
			"optional": true
		},
		"function-bind": {
			"version": "1.1.1",
			"dev": true
		},
		"has": {
			"version": "1.0.3",
			"dev": true,
			"requires": {
				"function-bind": "^1.1.1"
			}
		},
		"has-flag": {
			"version": "3.0.0",
			"dev": true
		},
		"inflight": {
			"version": "1.0.6",
			"dev": true,
			"requires": {
				"once": "^1.3.0",
				"wrappy": "1"
			}
		},
		"inherits": {
			"version": "2.0.4",
			"dev": true
		},
		"is-builtin-module": {
			"version": "3.2.1",
			"resolved": "https://registry.npmmirror.com/is-builtin-module/-/is-builtin-module-3.2.1.tgz",
			"integrity": "sha512-BSLE3HnV2syZ0FK0iMA/yUGplUeMmNz4AW5fnTunbCIqZi4vG3WjJT9FHMy5D69xmAYBHXQhJdALdpwVxV501A==",
			"dev": true,
			"requires": {
				"builtin-modules": "^3.3.0"
			}
		},
		"is-core-module": {
			"version": "2.12.0",
			"dev": true,
			"requires": {
				"has": "^1.0.3"
			}
		},
		"is-module": {
			"version": "1.0.0",
			"resolved": "https://registry.npmmirror.com/is-module/-/is-module-1.0.0.tgz",
			"integrity": "sha512-51ypPSPCoTEIN9dy5Oy+h4pShgJmPCygKfyRCISBI+JoWT/2oJvK8QPxmwv7b/p239jXrm9M1mlQbyKJ5A152g==",
			"dev": true
		},
		"is-reference": {
			"version": "1.2.1",
			"resolved": "https://registry.npmmirror.com/is-reference/-/is-reference-1.2.1.tgz",
			"integrity": "sha512-U82MsXXiFIrjCK4otLT+o2NA2Cd2g5MLoOVXUZjIOhLurrRxpEXzI8O0KZHr3IjLvlAH1kTPYSuqer5T9ZVBKQ==",
			"dev": true,
			"requires": {
				"@types/estree": "*"
			}
		},
		"js-tokens": {
			"version": "4.0.0",
			"dev": true
		},
		"magic-string": {
			"version": "0.27.0",
			"resolved": "https://registry.npmmirror.com/magic-string/-/magic-string-0.27.0.tgz",
			"integrity": "sha512-8UnnX2PeRAPZuN12svgR9j7M1uWMovg/CEnIwIG0LFkXSJJe4PdfUGiTGl8V9bsBHFUtfVINcSyYxd7q+kx9fA==",
			"dev": true,
			"requires": {
				"@jridgewell/sourcemap-codec": "^1.4.13"
			}
		},
		"merge-stream": {
			"version": "2.0.0",
			"dev": true
		},
		"once": {
			"version": "1.4.0",
			"dev": true,
			"requires": {
				"wrappy": "1"
			}
		},
		"path-parse": {
			"version": "1.0.7",
			"dev": true
		},
		"picomatch": {
			"version": "2.3.1",
			"resolved": "https://registry.npmmirror.com/picomatch/-/picomatch-2.3.1.tgz",
			"integrity": "sha512-JU3teHTNjmE2VCGFzuY8EXzCDVwEqB2a8fsIvwaStHhAWJEeVd1o1QD80CU6+ZdEXXSLbSsuLwJjkCBWqRQUVA==",
			"dev": true
		},
		"randombytes": {
			"version": "2.1.0",
			"dev": true,
			"requires": {
				"safe-buffer": "^5.1.0"
			}
		},
		"resolve": {
			"version": "1.22.2",
			"dev": true,
			"requires": {
				"is-core-module": "^2.11.0",
				"path-parse": "^1.0.7",
				"supports-preserve-symlinks-flag": "^1.0.0"
			}
		},
		"rollup": {
			"version": "3.23.0",
			"resolved": "https://registry.npmmirror.com/rollup/-/rollup-3.23.0.tgz",
			"integrity": "sha512-h31UlwEi7FHihLe1zbk+3Q7z1k/84rb9BSwmBSr/XjOCEaBJ2YyedQDuM0t/kfOS0IxM+vk1/zI9XxYj9V+NJQ==",
			"dev": true,
			"requires": {
				"fsevents": "~2.3.2"
			}
		},
		"rollup-plugin-terser": {
			"version": "7.0.2",
			"resolved": "https://registry.npmmirror.com/rollup-plugin-terser/-/rollup-plugin-terser-7.0.2.tgz",
			"integrity": "sha512-w3iIaU4OxcF52UUXiZNsNeuXIMDvFrr+ZXK6bFZ0Q60qyVfq4uLptoS4bbq3paG3x216eQllFZX7zt6TIImguQ==",
			"dev": true,
			"requires": {
				"@babel/code-frame": "^7.10.4",
				"jest-worker": "^26.2.1",
				"serialize-javascript": "^4.0.0",
				"terser": "^5.0.0"
			},
			"dependencies": {
				"has-flag": {
					"version": "4.0.0",
					"resolved": "https://registry.npmmirror.com/has-flag/-/has-flag-4.0.0.tgz",
					"integrity": "sha512-EykJT/Q1KjTWctppgIAgfSO0tKVuZUjhgMr17kqTumMl6Afv3EISleU7qZUzoXDFTAHTDC4NOoG/ZxU3EvlMPQ==",
					"dev": true
				},
				"jest-worker": {
					"version": "26.6.2",
					"resolved": "https://registry.npmmirror.com/jest-worker/-/jest-worker-26.6.2.tgz",
					"integrity": "sha512-KWYVV1c4i+jbMpaBC+U++4Va0cp8OisU185o73T1vo99hqi7w8tSJfUXYswwqqrjzwxa6KpRK54WhPvwf5w6PQ==",
					"dev": true,
					"requires": {
						"@types/node": "*",
						"merge-stream": "^2.0.0",
						"supports-color": "^7.0.0"
					}
				},
				"serialize-javascript": {
					"version": "4.0.0",
					"resolved": "https://registry.npmmirror.com/serialize-javascript/-/serialize-javascript-4.0.0.tgz",
					"integrity": "sha512-GaNA54380uFefWghODBWEGisLZFj00nS5ACs6yHa9nLqlLpVLO8ChDGeKRjZnV4Nh4n0Qi7nhYZD/9fCPzEqkw==",
					"dev": true,
					"requires": {
						"randombytes": "^2.1.0"
					}
				},
				"supports-color": {
					"version": "7.2.0",
					"resolved": "https://registry.npmmirror.com/supports-color/-/supports-color-7.2.0.tgz",
					"integrity": "sha512-qpCAvRl9stuOHveKsn7HncJRvv501qIacKzQlO/+Lwxc9+0q2wLyv4Dfvt80/DPn2pqOBsJdDiogXGR9+OvwRw==",
					"dev": true,
					"requires": {
						"has-flag": "^4.0.0"
					}
				}
			}
		},
		"safe-buffer": {
			"version": "5.2.1",
			"dev": true
		},
		"source-map": {
			"version": "0.6.1",
			"dev": true
		},
		"source-map-support": {
			"version": "0.5.21",
			"dev": true,
			"requires": {
				"buffer-from": "^1.0.0",
				"source-map": "^0.6.0"
			}
		},
		"supports-color": {
			"version": "5.5.0",
			"dev": true,
			"requires": {
				"has-flag": "^3.0.0"
			}
		},
		"supports-preserve-symlinks-flag": {
			"version": "1.0.0",
			"dev": true
		},
		"terser": {
			"version": "5.17.4",
			"dev": true,
			"requires": {
				"@jridgewell/source-map": "^0.3.2",
				"acorn": "^8.5.0",
				"commander": "^2.20.0",
				"source-map-support": "~0.5.20"
			}
		},
		"typescript": {
			"version": "4.9.5",
			"resolved": "https://registry.npmmirror.com/typescript/-/typescript-4.9.5.tgz",
			"integrity": "sha512-1FXk9E2Hm+QzZQ7z+McJiHL4NW1F2EzMu9Nq9i3zAaGqibafqYwCVU6WyWAuyQRRzOlxou8xZSyXLEN8oKj24g==",
			"dev": true
		},
		"wrappy": {
			"version": "1.0.2",
			"dev": true
		}
	}
}
